
Microsoft Visual Studio Solution File, Format Version 12.00
# Visual Studio Version 17
VisualStudioVersion = 17.5.33414.496
MinimumVisualStudioVersion = 10.0.40219.1
Project("{FAE04EC0-301F-11D3-BF4B-00C04F79EFBC}") = "ProjetoDeEstudos", "ProjetoDeEstudos\ProjetoDeEstudos.csproj", "{856B1F0B-6DF4-4F6C-9BFD-B10130C47690}"
EndProject
Global
	GlobalSection(SolutionConfigurationPlatforms) = preSolution
		Debug|Any CPU = Debug|Any CPU
		Release|Any CPU = Release|Any CPU
	EndGlobalSection
	GlobalSection(ProjectConfigurationPlatforms) = postSolution
		{856B1F0B-6DF4-4F6C-9BFD-B10130C47690}.Debug|Any CPU.ActiveCfg = Debug|Any CPU
		{856B1F0B-6DF4-4F6C-9BFD-B10130C47690}.Debug|Any CPU.Build.0 = Debug|Any CPU
		{856B1F0B-6DF4-4F6C-9BFD-B10130C47690}.Release|Any CPU.ActiveCfg = Release|Any CPU
		{856B1F0B-6DF4-4F6C-9BFD-B10130C47690}.Release|Any CPU.Build.0 = Release|Any CPU
	EndGlobalSection
	GlobalSection(SolutionProperties) = preSolution
		HideSolutionNode = FALSE
	EndGlobalSection
	GlobalSection(ExtensibilityGlobals) = postSolution
		SolutionGuid = {8C1AECFC-E5AD-465C-9140-911468D2771D}
	EndGlobalSection
EndGlobal
